
Microsoft Visual Studio Solution File, Format Version 12.00
# Visual Studio 15
VisualStudioVersion = 15.0.26124.0
MinimumVisualStudioVersion = 15.0.26124.0
Project("{2150E333-8FDC-42A3-9474-1A3956D46DE8}") = "Src", "Src", "{E0D6C4C9-8107-4B5F-862A-C1B40D62AD29}"
EndProject
Project("{FAE04EC0-301F-11D3-BF4B-00C04F79EFBC}") = "XAdES", "Src\XAdES\XAdES.csproj", "{F1146EF0-DE96-402C-84BB-86C18CE1960C}"
EndProject
Project("{2150E333-8FDC-42A3-9474-1A3956D46DE8}") = "Tests", "Tests", "{C51D9361-424F-4F57-AF6B-F9DF32730655}"
EndProject
Project("{FAE04EC0-301F-11D3-BF4B-00C04F79EFBC}") = "XAdES.UnitTests", "Tests\XAdES.UnitTests\XAdES.UnitTests.csproj", "{BAD6AB0C-F8F1-4F47-9FB6-A26A191BB93B}"
EndProject
Global
	GlobalSection(SolutionConfigurationPlatforms) = preSolution
		Debug|Any CPU = Debug|Any CPU
		Debug|x64 = Debug|x64
		Debug|x86 = Debug|x86
		Release|Any CPU = Release|Any CPU
		Release|x64 = Release|x64
		Release|x86 = Release|x86
	EndGlobalSection
	GlobalSection(SolutionProperties) = preSolution
		HideSolutionNode = FALSE
	EndGlobalSection
	GlobalSection(ProjectConfigurationPlatforms) = postSolution
		{F1146EF0-DE96-402C-84BB-86C18CE1960C}.Debug|Any CPU.ActiveCfg = Debug|Any CPU
		{F1146EF0-DE96-402C-84BB-86C18CE1960C}.Debug|Any CPU.Build.0 = Debug|Any CPU
		{F1146EF0-DE96-402C-84BB-86C18CE1960C}.Debug|x64.ActiveCfg = Debug|Any CPU
		{F1146EF0-DE96-402C-84BB-86C18CE1960C}.Debug|x64.Build.0 = Debug|Any CPU
		{F1146EF0-DE96-402C-84BB-86C18CE1960C}.Debug|x86.ActiveCfg = Debug|Any CPU
		{F1146EF0-DE96-402C-84BB-86C18CE1960C}.Debug|x86.Build.0 = Debug|Any CPU
		{F1146EF0-DE96-402C-84BB-86C18CE1960C}.Release|Any CPU.ActiveCfg = Release|Any CPU
		{F1146EF0-DE96-402C-84BB-86C18CE1960C}.Release|Any CPU.Build.0 = Release|Any CPU
		{F1146EF0-DE96-402C-84BB-86C18CE1960C}.Release|x64.ActiveCfg = Release|Any CPU
		{F1146EF0-DE96-402C-84BB-86C18CE1960C}.Release|x64.Build.0 = Release|Any CPU
		{F1146EF0-DE96-402C-84BB-86C18CE1960C}.Release|x86.ActiveCfg = Release|Any CPU
		{F1146EF0-DE96-402C-84BB-86C18CE1960C}.Release|x86.Build.0 = Release|Any CPU
		{BAD6AB0C-F8F1-4F47-9FB6-A26A191BB93B}.Debug|Any CPU.ActiveCfg = Debug|Any CPU
		{BAD6AB0C-F8F1-4F47-9FB6-A26A191BB93B}.Debug|Any CPU.Build.0 = Debug|Any CPU
		{BAD6AB0C-F8F1-4F47-9FB6-A26A191BB93B}.Debug|x64.ActiveCfg = Debug|Any CPU
		{BAD6AB0C-F8F1-4F47-9FB6-A26A191BB93B}.Debug|x64.Build.0 = Debug|Any CPU
		{BAD6AB0C-F8F1-4F47-9FB6-A26A191BB93B}.Debug|x86.ActiveCfg = Debug|Any CPU
		{BAD6AB0C-F8F1-4F47-9FB6-A26A191BB93B}.Debug|x86.Build.0 = Debug|Any CPU
		{BAD6AB0C-F8F1-4F47-9FB6-A26A191BB93B}.Release|Any CPU.ActiveCfg = Release|Any CPU
		{BAD6AB0C-F8F1-4F47-9FB6-A26A191BB93B}.Release|Any CPU.Build.0 = Release|Any CPU
		{BAD6AB0C-F8F1-4F47-9FB6-A26A191BB93B}.Release|x64.ActiveCfg = Release|Any CPU
		{BAD6AB0C-F8F1-4F47-9FB6-A26A191BB93B}.Release|x64.Build.0 = Release|Any CPU
		{BAD6AB0C-F8F1-4F47-9FB6-A26A191BB93B}.Release|x86.ActiveCfg = Release|Any CPU
		{BAD6AB0C-F8F1-4F47-9FB6-A26A191BB93B}.Release|x86.Build.0 = Release|Any CPU
	EndGlobalSection
	GlobalSection(NestedProjects) = preSolution
		{F1146EF0-DE96-402C-84BB-86C18CE1960C} = {E0D6C4C9-8107-4B5F-862A-C1B40D62AD29}
		{BAD6AB0C-F8F1-4F47-9FB6-A26A191BB93B} = {C51D9361-424F-4F57-AF6B-F9DF32730655}
	EndGlobalSection
EndGlobal
